schema: '2.0'
stages:
  data_ingestion:
    cmd: python src/data_ingestion.py
    deps:
    - path: src/data_ingestion.py
      hash: md5
      md5: f0282f9d32e3dd915e9d449a32196564
      size: 3619
    params:
      params.yaml:
        data_ingestion.test_size: 0.15
    outs:
    - path: data/raw
      hash: md5
      md5: a15ba66afdf82f8659b031b175286ed3.dir
      size: 484846
      nfiles: 2
  data_preprocessing:
    cmd: python src/data_preprocessing.py
    deps:
    - path: data/raw
      hash: md5
      md5: a15ba66afdf82f8659b031b175286ed3.dir
      size: 484846
      nfiles: 2
    - path: src/data_preprocessing.py
      hash: md5
      md5: 8fbe92ea59de2a4d4ff4c04db466f705
      size: 3877
    outs:
    - path: data/interim
      hash: md5
      md5: 60a6fff4e80508df65a68e383fa2725e.dir
      size: 259164
      nfiles: 2
  feature_engineering:
    cmd: python src/feature_engineering.py
    deps:
    - path: data/interim
      hash: md5
      md5: 60a6fff4e80508df65a68e383fa2725e.dir
      size: 259164
      nfiles: 2
    - path: src/feature_engineering.py
      hash: md5
      md5: 1e0536308efc9b7e01a42c025f12d4d2
      size: 3826
    params:
      params.yaml:
        feature_engineering.max_features: 45
    outs:
    - path: data/processed
      hash: md5
      md5: e88e7aefe88dc92f9bff4673bd46bb88.dir
      size: 1062501
      nfiles: 2
  model_building:
    cmd: python src/model_building.py
    deps:
    - path: data/processed
      hash: md5
      md5: e88e7aefe88dc92f9bff4673bd46bb88.dir
      size: 1062501
      nfiles: 2
    - path: src/model_building.py
      hash: md5
      md5: d1651ea731b3c0b2b0e09d7084d060cc
      size: 4393
    params:
      params.yaml:
        model_building.n_estimators: 25
        model_building.random_state: 2
    outs:
    - path: models/model.pkl
      hash: md5
      md5: 810cbc855aa9665505aa165e567fad6a
      size: 1011900
  model_evaluation:
    cmd: python src/model_evaluation.py
    deps:
    - path: models/model.pkl
      hash: md5
      md5: 810cbc855aa9665505aa165e567fad6a
      size: 1011900
    - path: src/model_evaluation.py
      hash: md5
      md5: 1d46a9c7a7bf0660e693478af24d40ad
      size: 4553
    outs:
    - path: reports/metrics.json
      hash: md5
      md5: a1131327656c3c5defbb517dcc6f76df
      size: 145
