schema: '2.0'
stages:
  data_ingestion:
    cmd: python src/data_ingestion.py
    deps:
    - path: src/data_ingestion.py
      hash: md5
      md5: f0282f9d32e3dd915e9d449a32196564
      size: 3619
    params:
      params.yaml:
        data_ingestion.test_size: 0.3
    outs:
    - path: data/raw
      hash: md5
      md5: d26befd2dda9438254177d9000d9ba1f.dir
      size: 484846
      nfiles: 2
  data_preprocessing:
    cmd: python src/data_preprocessing.py
    deps:
    - path: data/raw
      hash: md5
      md5: d26befd2dda9438254177d9000d9ba1f.dir
      size: 484846
      nfiles: 2
    - path: src/data_preprocessing.py
      hash: md5
      md5: 8fbe92ea59de2a4d4ff4c04db466f705
      size: 3877
    outs:
    - path: data/interim
      hash: md5
      md5: 61ca13b2e20854a1f7bacbbcfeca409e.dir
      size: 262513
      nfiles: 2
  feature_engineering:
    cmd: python src/feature_engineering.py
    deps:
    - path: data/interim
      hash: md5
      md5: 61ca13b2e20854a1f7bacbbcfeca409e.dir
      size: 262513
      nfiles: 2
    - path: src/feature_engineering.py
      hash: md5
      md5: 1e0536308efc9b7e01a42c025f12d4d2
      size: 3826
    params:
      params.yaml:
        feature_engineering.max_features: 10
    outs:
    - path: data/processed
      hash: md5
      md5: 5271dd1966f060a5b1b2e48601fcebec.dir
      size: 249319
      nfiles: 2
  model_building:
    cmd: python src/model_building.py
    deps:
    - path: data/processed
      hash: md5
      md5: 5271dd1966f060a5b1b2e48601fcebec.dir
      size: 249319
      nfiles: 2
    - path: src/model_building.py
      hash: md5
      md5: d1651ea731b3c0b2b0e09d7084d060cc
      size: 4393
    params:
      params.yaml:
        model_building.n_estimators: 15
        model_building.random_state: 2
    outs:
    - path: models/model.pkl
      hash: md5
      md5: 9ec5b335d187383205580a84cb12c197
      size: 128206
  model_evaluation:
    cmd: python src/model_evaluation.py
    deps:
    - path: models/model.pkl
      hash: md5
      md5: 9ec5b335d187383205580a84cb12c197
      size: 128206
    - path: src/model_evaluation.py
      hash: md5
      md5: 2612066d0b8c215e022d45e88923a3c7
      size: 4683
    outs:
    - path: reports/metrics.json
      hash: md5
      md5: 00ef692531409219aee9ce91d03bc0bf
      size: 144
